// !$*UTF8*$!
{
	archiveVersion = 1;
	classes = {
	};
	objectVersion = 56;
	objects = {

/* Begin PBXBuildFile section */
		BAA021B32AC77B180062A57F /* AppDelegate.m in Sources */ = {isa = PBXBuildFile; fileRef = BAA021B22AC77B180062A57F /* AppDelegate.m */; };
		BAA021B62AC77B180062A57F /* SceneDelegate.m in Sources */ = {isa = PBXBuildFile; fileRef = BAA021B52AC77B180062A57F /* SceneDelegate.m */; };
		BAA021B92AC77B180062A57F /* ViewController.m in Sources */ = {isa = PBXBuildFile; fileRef = BAA021B82AC77B180062A57F /* ViewController.m */; };
		BAA021BC2AC77B180062A57F /* Main.storyboard in Resources */ = {isa = PBXBuildFile; fileRef = BAA021BA2AC77B180062A57F /* Main.storyboard */; };
		BAA021BE2AC77B190062A57F /* Assets.xcassets in Resources */ = {isa = PBXBuildFile; fileRef = BAA021BD2AC77B190062A57F /* Assets.xcassets */; };
		BAA021C12AC77B190062A57F /* LaunchScreen.storyboard in Resources */ = {isa = PBXBuildFile; fileRef = BAA021BF2AC77B190062A57F /* LaunchScreen.storyboard */; };
		BAA021C42AC77B190062A57F /* main.m in Sources */ = {isa = PBXBuildFile; fileRef = BAA021C32AC77B190062A57F /* main.m */; };
		BAA021CF2AC77C250062A57F /* SizeDataSource.m in Sources */ = {isa = PBXBuildFile; fileRef = BAA021CE2AC77C250062A57F /* SizeDataSource.m */; };
		BAA021D22AC897260062A57F /* GreenhousesDataSource.m in Sources */ = {isa = PBXBuildFile; fileRef = BAA021D12AC897260062A57F /* GreenhousesDataSource.m */; };
		BAA021D52AC8CAF50062A57F /* SolarPanelDataSource.m in Sources */ = {isa = PBXBuildFile; fileRef = BAA021D42AC8CAF50062A57F /* SolarPanelDataSource.m */; };
		BAA021D82AC8CC890062A57F /* PickerViewDataSource.m in Sources */ = {isa = PBXBuildFile; fileRef = BAA021D72AC8CC890062A57F /* PickerViewDataSource.m */; };
		BAA021DB2AC8CF3B0062A57F /* MarsHabitatPricer.mlmodel in Sources */ = {isa = PBXBuildFile; fileRef = BAA021DA2AC8CF3B0062A57F /* MarsHabitatPricer.mlmodel */; };
/* End PBXBuildFile section */

/* Begin PBXFileReference section */
		BAA021AE2AC77B180062A57F /* IntegratingACoreMLModelIntoYourAppObjC.app */ = {isa = PBXFileReference; explicitFileType = wrapper.application; includeInIndex = 0; path = IntegratingACoreMLModelIntoYourAppObjC.app; sourceTree = BUILT_PRODUCTS_DIR; };
		BAA021B12AC77B180062A57F /* AppDelegate.h */ = {isa = PBXFileReference; lastKnownFileType = sourcecode.c.h; path = AppDelegate.h; sourceTree = "<group>"; };
		BAA021B22AC77B180062A57F /* AppDelegate.m */ = {isa = PBXFileReference; lastKnownFileType = sourcecode.c.objc; path = AppDelegate.m; sourceTree = "<group>"; };
		BAA021B42AC77B180062A57F /* SceneDelegate.h */ = {isa = PBXFileReference; lastKnownFileType = sourcecode.c.h; path = SceneDelegate.h; sourceTree = "<group>"; };
		BAA021B52AC77B180062A57F /* SceneDelegate.m */ = {isa = PBXFileReference; lastKnownFileType = sourcecode.c.objc; path = SceneDelegate.m; sourceTree = "<group>"; };
		BAA021B72AC77B180062A57F /* ViewController.h */ = {isa = PBXFileReference; lastKnownFileType = sourcecode.c.h; path = ViewController.h; sourceTree = "<group>"; };
		BAA021B82AC77B180062A57F /* ViewController.m */ = {isa = PBXFileReference; lastKnownFileType = sourcecode.c.objc; path = ViewController.m; sourceTree = "<group>"; };
		BAA021BB2AC77B180062A57F /* Base */ = {isa = PBXFileReference; lastKnownFileType = file.storyboard; name = Base; path = Base.lproj/Main.storyboard; sourceTree = "<group>"; };
		BAA021BD2AC77B190062A57F /* Assets.xcassets */ = {isa = PBXFileReference; lastKnownFileType = folder.assetcatalog; path = Assets.xcassets; sourceTree = "<group>"; };
		BAA021C02AC77B190062A57F /* Base */ = {isa = PBXFileReference; lastKnownFileType = file.storyboard; name = Base; path = Base.lproj/LaunchScreen.storyboard; sourceTree = "<group>"; };
		BAA021C22AC77B190062A57F /* Info.plist */ = {isa = PBXFileReference; lastKnownFileType = text.plist.xml; path = Info.plist; sourceTree = "<group>"; };
		BAA021C32AC77B190062A57F /* main.m */ = {isa = PBXFileReference; lastKnownFileType = sourcecode.c.objc; path = main.m; sourceTree = "<group>"; };
		BAA021CD2AC77C250062A57F /* SizeDataSource.h */ = {isa = PBXFileReference; lastKnownFileType = sourcecode.c.h; path = SizeDataSource.h; sourceTree = "<group>"; };
		BAA021CE2AC77C250062A57F /* SizeDataSource.m */ = {isa = PBXFileReference; lastKnownFileType = sourcecode.c.objc; path = SizeDataSource.m; sourceTree = "<group>"; };
		BAA021D02AC897260062A57F /* GreenhousesDataSource.h */ = {isa = PBXFileReference; lastKnownFileType = sourcecode.c.h; path = GreenhousesDataSource.h; sourceTree = "<group>"; };
		BAA021D12AC897260062A57F /* GreenhousesDataSource.m */ = {isa = PBXFileReference; lastKnownFileType = sourcecode.c.objc; path = GreenhousesDataSource.m; sourceTree = "<group>"; };
		BAA021D32AC8CAF50062A57F /* SolarPanelDataSource.h */ = {isa = PBXFileReference; lastKnownFileType = sourcecode.c.h; path = SolarPanelDataSource.h; sourceTree = "<group>"; };
		BAA021D42AC8CAF50062A57F /* SolarPanelDataSource.m */ = {isa = PBXFileReference; lastKnownFileType = sourcecode.c.objc; path = SolarPanelDataSource.m; sourceTree = "<group>"; };
		BAA021D62AC8CC890062A57F /* PickerViewDataSource.h */ = {isa = PBXFileReference; lastKnownFileType = sourcecode.c.h; path = PickerViewDataSource.h; sourceTree = "<group>"; };
		BAA021D72AC8CC890062A57F /* PickerViewDataSource.m */ = {isa = PBXFileReference; lastKnownFileType = sourcecode.c.objc; path = PickerViewDataSource.m; sourceTree = "<group>"; };
		BAA021DA2AC8CF3B0062A57F /* MarsHabitatPricer.mlmodel */ = {isa = PBXFileReference; lastKnownFileType = file.mlmodel; path = MarsHabitatPricer.mlmodel; sourceTree = "<group>"; };
/* End PBXFileReference section */

/* Begin PBXFrameworksBuildPhase section */
		BAA021AB2AC77B180062A57F /* Frameworks */ = {
			isa = PBXFrameworksBuildPhase;
			buildActionMask = 2147483647;
			files = (
			);
			runOnlyForDeploymentPostprocessing = 0;
		};
/* End PBXFrameworksBuildPhase section */

/* Begin PBXGroup section */
		BAA021A52AC77B180062A57F = {
			isa = PBXGroup;
			children = (
				BAA021B02AC77B180062A57F /* IntegratingACoreMLModelIntoYourAppObjC */,
				BAA021AF2AC77B180062A57F /* Products */,
			);
			sourceTree = "<group>";
		};
		BAA021AF2AC77B180062A57F /* Products */ = {
			isa = PBXGroup;
			children = (
				BAA021AE2AC77B180062A57F /* IntegratingACoreMLModelIntoYourAppObjC.app */,
			);
			name = Products;
			sourceTree = "<group>";
		};
		BAA021B02AC77B180062A57F /* IntegratingACoreMLModelIntoYourAppObjC */ = {
			isa = PBXGroup;
			children = (
				BAA021B12AC77B180062A57F /* AppDelegate.h */,
				BAA021B22AC77B180062A57F /* AppDelegate.m */,
				BAA021B42AC77B180062A57F /* SceneDelegate.h */,
				BAA021B52AC77B180062A57F /* SceneDelegate.m */,
				BAA021B72AC77B180062A57F /* ViewController.h */,
				BAA021B82AC77B180062A57F /* ViewController.m */,
				BAA021BA2AC77B180062A57F /* Main.storyboard */,
				BAA021CC2AC77BB60062A57F /* Data Sources */,
				BAA021D92AC8CF180062A57F /* Resources */,
				BAA021CA2AC77B240062A57F /* Supporting Files */,
			);
			path = IntegratingACoreMLModelIntoYourAppObjC;
			sourceTree = "<group>";
		};
		BAA021CA2AC77B240062A57F /* Supporting Files */ = {
			isa = PBXGroup;
			children = (
				BAA021BD2AC77B190062A57F /* Assets.xcassets */,
				BAA021BF2AC77B190062A57F /* LaunchScreen.storyboard */,
				BAA021C22AC77B190062A57F /* Info.plist */,
				BAA021C32AC77B190062A57F /* main.m */,
			);
			name = "Supporting Files";
			sourceTree = "<group>";
		};
		BAA021CC2AC77BB60062A57F /* Data Sources */ = {
			isa = PBXGroup;
			children = (
				BAA021D62AC8CC890062A57F /* PickerViewDataSource.h */,
				BAA021D72AC8CC890062A57F /* PickerViewDataSource.m */,
				BAA021D32AC8CAF50062A57F /* SolarPanelDataSource.h */,
				BAA021D42AC8CAF50062A57F /* SolarPanelDataSource.m */,
				BAA021D02AC897260062A57F /* GreenhousesDataSource.h */,
				BAA021D12AC897260062A57F /* GreenhousesDataSource.m */,
				BAA021CD2AC77C250062A57F /* SizeDataSource.h */,
				BAA021CE2AC77C250062A57F /* SizeDataSource.m */,
			);
			path = "Data Sources";
			sourceTree = "<group>";
		};
		BAA021D92AC8CF180062A57F /* Resources */ = {
			isa = PBXGroup;
			children = (
				BAA021DA2AC8CF3B0062A57F /* MarsHabitatPricer.mlmodel */,
			);
			name = Resources;
			sourceTree = "<group>";
		};
/* End PBXGroup section */

/* Begin PBXNativeTarget section */
		BAA021AD2AC77B180062A57F /* IntegratingACoreMLModelIntoYourAppObjC */ = {
			isa = PBXNativeTarget;
			buildConfigurationList = BAA021C72AC77B190062A57F /* Build configuration list for PBXNativeTarget "IntegratingACoreMLModelIntoYourAppObjC" */;
			buildPhases = (
				BAA021AA2AC77B180062A57F /* Sources */,
				BAA021AB2AC77B180062A57F /* Frameworks */,
				BAA021AC2AC77B180062A57F /* Resources */,
			);
			buildRules = (
			);
			dependencies = (
			);
			name = IntegratingACoreMLModelIntoYourAppObjC;
			productName = IntegratingACoreMLModelIntoYourAppObjC;
			productReference = BAA021AE2AC77B180062A57F /* IntegratingACoreMLModelIntoYourAppObjC.app */;
			productType = "com.apple.product-type.application";
		};
/* End PBXNativeTarget section */

/* Begin PBXProject section */
		BAA021A62AC77B180062A57F /* Project object */ = {
			isa = PBXProject;
			attributes = {
				BuildIndependentTargetsInParallel = 1;
				LastUpgradeCheck = 1500;
				ORGANIZATIONNAME = "App Tyrant Corp";
				TargetAttributes = {
					BAA021AD2AC77B180062A57F = {
						CreatedOnToolsVersion = 15.0;
					};
				};
			};
			buildConfigurationList = BAA021A92AC77B180062A57F /* Build configuration list for PBXProject "IntegratingACoreMLModelIntoYourAppObjC" */;
			compatibilityVersion = "Xcode 14.0";
			developmentRegion = en;
			hasScannedForEncodings = 0;
			knownRegions = (
				en,
				Base,
			);
			mainGroup = BAA021A52AC77B180062A57F;
			productRefGroup = BAA021AF2AC77B180062A57F /* Products */;
			projectDirPath = "";
			projectRoot = "";
			targets = (
				BAA021AD2AC77B180062A57F /* IntegratingACoreMLModelIntoYourAppObjC */,
			);
		};
/* End PBXProject section */

/* Begin PBXResourcesBuildPhase section */
		BAA021AC2AC77B180062A57F /* Resources */ = {
			isa = PBXResourcesBuildPhase;
			buildActionMask = 2147483647;
			files = (
				BAA021C12AC77B190062A57F /* LaunchScreen.storyboard in Resources */,
				BAA021BE2AC77B190062A57F /* Assets.xcassets in Resources */,
				BAA021BC2AC77B180062A57F /* Main.storyboard in Resources */,
			);
			runOnlyForDeploymentPostprocessing = 0;
		};
/* End PBXResourcesBuildPhase section */

/* Begin PBXSourcesBuildPhase section */
		BAA021AA2AC77B180062A57F /* Sources */ = {
			isa = PBXSourcesBuildPhase;
			buildActionMask = 2147483647;
			files = (
				BAA021B92AC77B180062A57F /* ViewController.m in Sources */,
				BAA021B32AC77B180062A57F /* AppDelegate.m in Sources */,
				BAA021DB2AC8CF3B0062A57F /* MarsHabitatPricer.mlmodel in Sources */,
				BAA021C42AC77B190062A57F /* main.m in Sources */,
				BAA021B62AC77B180062A57F /* SceneDelegate.m in Sources */,
				BAA021CF2AC77C250062A57F /* SizeDataSource.m in Sources */,
				BAA021D82AC8CC890062A57F /* PickerViewDataSource.m in Sources */,
				BAA021D22AC897260062A57F /* GreenhousesDataSource.m in Sources */,
				BAA021D52AC8CAF50062A57F /* SolarPanelDataSource.m in Sources */,
			);
			runOnlyForDeploymentPostprocessing = 0;
		};
/* End PBXSourcesBuildPhase section */

/* Begin PBXVariantGroup section */
		BAA021BA2AC77B180062A57F /* Main.storyboard */ = {
			isa = PBXVariantGroup;
			children = (
				BAA021BB2AC77B180062A57F /* Base */,
			);
			name = Main.storyboard;
			sourceTree = "<group>";
		};
		BAA021BF2AC77B190062A57F /* LaunchScreen.storyboard */ = {
			isa = PBXVariantGroup;
			children = (
				BAA021C02AC77B190062A57F /* Base */,
			);
			name = LaunchScreen.storyboard;
			sourceTree = "<group>";
		};
/* End PBXVariantGroup section */

/* Begin XCBuildConfiguration section */
		BAA021C52AC77B190062A57F /* Debug */ = {
			isa = XCBuildConfiguration;
			buildSettings = {
				ALWAYS_SEARCH_USER_PATHS = NO;
				ASSETCATALOG_COMPILER_GENERATE_SWIFT_ASSET_SYMBOL_EXTENSIONS = YES;
				CLANG_ANALYZER_NONNULL = YES;
				CLANG_ANALYZER_NUMBER_OBJECT_CONVERSION = YES_AGGRESSIVE;
				CLANG_CXX_LANGUAGE_STANDARD = "gnu++20";
				CLANG_ENABLE_MODULES = YES;
				CLANG_ENABLE_OBJC_ARC = YES;
				CLANG_ENABLE_OBJC_WEAK = YES;
				CLANG_WARN_BLOCK_CAPTURE_AUTORELEASING = YES;
				CLANG_WARN_BOOL_CONVERSION = YES;
				CLANG_WARN_COMMA = YES;
				CLANG_WARN_CONSTANT_CONVERSION = YES;
				CLANG_WARN_DEPRECATED_OBJC_IMPLEMENTATIONS = YES;
				CLANG_WARN_DIRECT_OBJC_ISA_USAGE = YES_ERROR;
				CLANG_WARN_DOCUMENTATION_COMMENTS = YES;
				CLANG_WARN_EMPTY_BODY = YES;
				CLANG_WARN_ENUM_CONVERSION = YES;
				CLANG_WARN_INFINITE_RECURSION = YES;
				CLANG_WARN_INT_CONVERSION = YES;
				CLANG_WARN_NON_LITERAL_NULL_CONVERSION = YES;
				CLANG_WARN_OBJC_IMPLICIT_RETAIN_SELF = YES;
				CLANG_WARN_OBJC_LITERAL_CONVERSION = YES;
				CLANG_WARN_OBJC_ROOT_CLASS = YES_ERROR;
				CLANG_WARN_QUOTED_INCLUDE_IN_FRAMEWORK_HEADER = YES;
				CLANG_WARN_RANGE_LOOP_ANALYSIS = YES;
				CLANG_WARN_STRICT_PROTOTYPES = YES;
				CLANG_WARN_SUSPICIOUS_MOVE = YES;
				CLANG_WARN_UNGUARDED_AVAILABILITY = YES_AGGRESSIVE;
				CLANG_WARN_UNREACHABLE_CODE = YES;
				CLANG_WARN__DUPLICATE_METHOD_MATCH = YES;
				COPY_PHASE_STRIP = NO;
				DEBUG_INFORMATION_FORMAT = dwarf;
				ENABLE_STRICT_OBJC_MSGSEND = YES;
				ENABLE_TESTABILITY = YES;
				ENABLE_USER_SCRIPT_SANDBOXING = YES;
				GCC_C_LANGUAGE_STANDARD = gnu17;
				GCC_DYNAMIC_NO_PIC = NO;
				GCC_NO_COMMON_BLOCKS = YES;
				GCC_OPTIMIZATION_LEVEL = 0;
				GCC_PREPROCESSOR_DEFINITIONS = (
					"DEBUG=1",
					"$(inherited)",
				);
				GCC_WARN_64_TO_32_BIT_CONVERSION = YES;
				GCC_WARN_ABOUT_RETURN_TYPE = YES_ERROR;
				GCC_WARN_UNDECLARED_SELECTOR = YES;
				GCC_WARN_UNINITIALIZED_AUTOS = YES_AGGRESSIVE;
				GCC_WARN_UNUSED_FUNCTION = YES;
				GCC_WARN_UNUSED_VARIABLE = YES;
				IPHONEOS_DEPLOYMENT_TARGET = 17.0;
				LOCALIZATION_PREFERS_STRING_CATALOGS = YES;
				MTL_ENABLE_DEBUG_INFO = INCLUDE_SOURCE;
				MTL_FAST_MATH = YES;
				ONLY_ACTIVE_ARCH = YES;
				SDKROOT = iphoneos;
			};
			name = Debug;
		};
		BAA021C62AC77B190062A57F /* Release */ = {
			isa = XCBuildConfiguration;
			buildSettings = {
				ALWAYS_SEARCH_USER_PATHS = NO;
				ASSETCATALOG_COMPILER_GENERATE_SWIFT_ASSET_SYMBOL_EXTENSIONS = YES;
				CLANG_ANALYZER_NONNULL = YES;
				CLANG_ANALYZER_NUMBER_OBJECT_CONVERSION = YES_AGGRESSIVE;
				CLANG_CXX_LANGUAGE_STANDARD = "gnu++20";
				CLANG_ENABLE_MODULES = YES;
				CLANG_ENABLE_OBJC_ARC = YES;
				CLANG_ENABLE_OBJC_WEAK = YES;
				CLANG_WARN_BLOCK_CAPTURE_AUTORELEASING = YES;
				CLANG_WARN_BOOL_CONVERSION = YES;
				CLANG_WARN_COMMA = YES;
				CLANG_WARN_CONSTANT_CONVERSION = YES;
				CLANG_WARN_DEPRECATED_OBJC_IMPLEMENTATIONS = YES;
				CLANG_WARN_DIRECT_OBJC_ISA_USAGE = YES_ERROR;
				CLANG_WARN_DOCUMENTATION_COMMENTS = YES;
				CLANG_WARN_EMPTY_BODY = YES;
				CLANG_WARN_ENUM_CONVERSION = YES;
				CLANG_WARN_INFINITE_RECURSION = YES;
				CLANG_WARN_INT_CONVERSION = YES;
				CLANG_WARN_NON_LITERAL_NULL_CONVERSION = YES;
				CLANG_WARN_OBJC_IMPLICIT_RETAIN_SELF = YES;
				CLANG_WARN_OBJC_LITERAL_CONVERSION = YES;
				CLANG_WARN_OBJC_ROOT_CLASS = YES_ERROR;
				CLANG_WARN_QUOTED_INCLUDE_IN_FRAMEWORK_HEADER = YES;
				CLANG_WARN_RANGE_LOOP_ANALYSIS = YES;
				CLANG_WARN_STRICT_PROTOTYPES = YES;
				CLANG_WARN_SUSPICIOUS_MOVE = YES;
				CLANG_WARN_UNGUARDED_AVAILABILITY = YES_AGGRESSIVE;
				CLANG_WARN_UNREACHABLE_CODE = YES;
				CLANG_WARN__DUPLICATE_METHOD_MATCH = YES;
				COPY_PHASE_STRIP = NO;
				DEBUG_INFORMATION_FORMAT = "dwarf-with-dsym";
				ENABLE_NS_ASSERTIONS = NO;
				ENABLE_STRICT_OBJC_MSGSEND = YES;
				ENABLE_USER_SCRIPT_SANDBOXING = YES;
				GCC_C_LANGUAGE_STANDARD = gnu17;
				GCC_NO_COMMON_BLOCKS = YES;
				GCC_WARN_64_TO_32_BIT_CONVERSION = YES;
				GCC_WARN_ABOUT_RETURN_TYPE = YES_ERROR;
				GCC_WARN_UNDECLARED_SELECTOR = YES;
				GCC_WARN_UNINITIALIZED_AUTOS = YES_AGGRESSIVE;
				GCC_WARN_UNUSED_FUNCTION = YES;
				GCC_WARN_UNUSED_VARIABLE = YES;
				IPHONEOS_DEPLOYMENT_TARGET = 17.0;
				LOCALIZATION_PREFERS_STRING_CATALOGS = YES;
				MTL_ENABLE_DEBUG_INFO = NO;
				MTL_FAST_MATH = YES;
				SDKROOT = iphoneos;
				VALIDATE_PRODUCT = YES;
			};
			name = Release;
		};
		BAA021C82AC77B190062A57F /* Debug */ = {
			isa = XCBuildConfiguration;
			buildSettings = {
				ASSETCATALOG_COMPILER_APPICON_NAME = AppIcon;
				ASSETCATALOG_COMPILER_GLOBAL_ACCENT_COLOR_NAME = AccentColor;
				CODE_SIGN_STYLE = Automatic;
				CURRENT_PROJECT_VERSION = 1;
				DEVELOPMENT_TEAM = 3E442S8V72;
				GENERATE_INFOPLIST_FILE = YES;
				INFOPLIST_FILE = IntegratingACoreMLModelIntoYourAppObjC/Info.plist;
				INFOPLIST_KEY_UIApplicationSupportsIndirectInputEvents = YES;
				INFOPLIST_KEY_UILaunchStoryboardName = LaunchScreen;
				INFOPLIST_KEY_UIMainStoryboardFile = Main;
				INFOPLIST_KEY_UISupportedInterfaceOrientations_iPad = "UIInterfaceOrientationPortrait UIInterfaceOrientationPortraitUpsideDown UIInterfaceOrientationLandscapeLeft UIInterfaceOrientationLandscapeRight";
				INFOPLIST_KEY_UISupportedInterfaceOrientations_iPhone = "UIInterfaceOrientationPortrait UIInterfaceOrientationLandscapeLeft UIInterfaceOrientationLandscapeRight";
				LD_RUNPATH_SEARCH_PATHS = (
					"$(inherited)",
					"@executable_path/Frameworks",
				);
				MARKETING_VERSION = 1.0;
				PRODUCT_BUNDLE_IDENTIFIER = com.apptyrant.IntegratingACoreMLModelIntoYourAppObjC;
				PRODUCT_NAME = "$(TARGET_NAME)";
				SWIFT_EMIT_LOC_STRINGS = YES;
				TARGETED_DEVICE_FAMILY = "1,2";
			};
			name = Debug;
		};
		BAA021C92AC77B190062A57F /* Release */ = {
			isa = XCBuildConfiguration;
			buildSettings = {
				ASSETCATALOG_COMPILER_APPICON_NAME = AppIcon;
				ASSETCATALOG_COMPILER_GLOBAL_ACCENT_COLOR_NAME = AccentColor;
				CODE_SIGN_STYLE = Automatic;
				CURRENT_PROJECT_VERSION = 1;
				DEVELOPMENT_TEAM = 3E442S8V72;
				GENERATE_INFOPLIST_FILE = YES;
				INFOPLIST_FILE = IntegratingACoreMLModelIntoYourAppObjC/Info.plist;
				INFOPLIST_KEY_UIApplicationSupportsIndirectInputEvents = YES;
				INFOPLIST_KEY_UILaunchStoryboardName = LaunchScreen;
				INFOPLIST_KEY_UIMainStoryboardFile = Main;
				INFOPLIST_KEY_UISupportedInterfaceOrientations_iPad = "UIInterfaceOrientationPortrait UIInterfaceOrientationPortraitUpsideDown UIInterfaceOrientationLandscapeLeft UIInterfaceOrientationLandscapeRight";
				INFOPLIST_KEY_UISupportedInterfaceOrientations_iPhone = "UIInterfaceOrientationPortrait UIInterfaceOrientationLandscapeLeft UIInterfaceOrientationLandscapeRight";
				LD_RUNPATH_SEARCH_PATHS = (
					"$(inherited)",
					"@executable_path/Frameworks",
				);
				MARKETING_VERSION = 1.0;
				PRODUCT_BUNDLE_IDENTIFIER = com.apptyrant.IntegratingACoreMLModelIntoYourAppObjC;
				PRODUCT_NAME = "$(TARGET_NAME)";
				SWIFT_EMIT_LOC_STRINGS = YES;
				TARGETED_DEVICE_FAMILY = "1,2";
			};
			name = Release;
		};
/* End XCBuildConfiguration section */

/* Begin XCConfigurationList section */
		BAA021A92AC77B180062A57F /* Build configuration list for PBXProject "IntegratingACoreMLModelIntoYourAppObjC" */ = {
			isa = XCConfigurationList;
			buildConfigurations = (
				BAA021C52AC77B190062A57F /* Debug */,
				BAA021C62AC77B190062A57F /* Release */,
			);
			defaultConfigurationIsVisible = 0;
			defaultConfigurationName = Release;
		};
		BAA021C72AC77B190062A57F /* Build configuration list for PBXNativeTarget "IntegratingACoreMLModelIntoYourAppObjC" */ = {
			isa = XCConfigurationList;
			buildConfigurations = (
				BAA021C82AC77B190062A57F /* Debug */,
				BAA021C92AC77B190062A57F /* Release */,
			);
			defaultConfigurationIsVisible = 0;
			defaultConfigurationName = Release;
		};
/* End XCConfigurationList section */
	};
	rootObject = BAA021A62AC77B180062A57F /* Project object */;
}
